
Microsoft Visual Studio Solution File, Format Version 12.00
# Visual Studio Version 17
VisualStudioVersion = 17.10.35027.167
MinimumVisualStudioVersion = 10.0.40219.1
Project("{FAE04EC0-301F-11D3-BF4B-00C04F79EFBC}") = "MyThirdASP.NET", "MyThirdASP.NET\MyThirdASP.NET.csproj", "{B3BF3FBD-D81F-44BD-BF80-57DDEF212EFD}"
EndProject
Global
	GlobalSection(SolutionConfigurationPlatforms) = preSolution
		Debug|Any CPU = Debug|Any CPU
		Release|Any CPU = Release|Any CPU
	EndGlobalSection
	GlobalSection(ProjectConfigurationPlatforms) = postSolution
		{B3BF3FBD-D81F-44BD-BF80-57DDEF212EFD}.Debug|Any CPU.ActiveCfg = Debug|Any CPU
		{B3BF3FBD-D81F-44BD-BF80-57DDEF212EFD}.Debug|Any CPU.Build.0 = Debug|Any CPU
		{B3BF3FBD-D81F-44BD-BF80-57DDEF212EFD}.Release|Any CPU.ActiveCfg = Release|Any CPU
		{B3BF3FBD-D81F-44BD-BF80-57DDEF212EFD}.Release|Any CPU.Build.0 = Release|Any CPU
	EndGlobalSection
	GlobalSection(SolutionProperties) = preSolution
		HideSolutionNode = FALSE
	EndGlobalSection
	GlobalSection(ExtensibilityGlobals) = postSolution
		SolutionGuid = {EE0004DE-5D72-4A4F-A24E-F2EBC27D9E52}
	EndGlobalSection
EndGlobal
